Microsoft Visual Studio Solution File, Format Version 12.00
# Visual Studio Version 17
VisualStudioVersion = 17.0.31903.59
MinimumVisualStudioVersion = 10.0.40219.1
Project("{9A19103F-16F7-4668-BE54-9A1E7A4F7556}") = "NothingDns.Sdk", "NothingDns.Sdk\NothingDns.Sdk.csproj", "{7B1C4A2E-9D3F-4C6A-8E51-2A7D6B0F3C11}"
EndProject
Project("{9A19103F-16F7-4668-BE54-9A1E7A4F7556}") = "QuickStart", "NothingDns.Sdk\Examples\QuickStart.csproj", "{3F9D2E61-5A48-4B7C-9E02-6C1A8D5B4E22}"
EndProject
Project("{FAE04EC0-301F-11D3-BF4B-00C04F79EFBC}") = "NothingDns.Sdk.Tests", "NothingDns.Sdk.Tests\NothingDns.Sdk.Tests.csproj", "{65D737C0-5E17-4B12-9232-B51EB50C577B}"
EndProject
Global
	GlobalSection(SolutionConfigurationPlatforms) = preSolution
		Debug|Any CPU = Debug|Any CPU
		Release|Any CPU = Release|Any CPU
	EndGlobalSection
	GlobalSection(ProjectConfigurationPlatforms) = postSolution
		{7B1C4A2E-9D3F-4C6A-8E51-2A7D6B0F3C11}.Debug|Any CPU.ActiveCfg = Debug|Any CPU
		{7B1C4A2E-9D3F-4C6A-8E51-2A7D6B0F3C11}.Debug|Any CPU.Build.0 = Debug|Any CPU
		{7B1C4A2E-9D3F-4C6A-8E51-2A7D6B0F3C11}.Release|Any CPU.ActiveCfg = Release|Any CPU
		{7B1C4A2E-9D3F-4C6A-8E51-2A7D6B0F3C11}.Release|Any CPU.Build.0 = Release|Any CPU
		{3F9D2E61-5A48-4B7C-9E02-6C1A8D5B4E22}.Debug|Any CPU.ActiveCfg = Debug|Any CPU
		{3F9D2E61-5A48-4B7C-9E02-6C1A8D5B4E22}.Debug|Any CPU.Build.0 = Debug|Any CPU
		{3F9D2E61-5A48-4B7C-9E02-6C1A8D5B4E22}.Release|Any CPU.ActiveCfg = Release|Any CPU
		{3F9D2E61-5A48-4B7C-9E02-6C1A8D5B4E22}.Release|Any CPU.Build.0 = Release|Any CPU
		{65D737C0-5E17-4B12-9232-B51EB50C577B}.Debug|Any CPU.ActiveCfg = Debug|Any CPU
		{65D737C0-5E17-4B12-9232-B51EB50C577B}.Debug|Any CPU.Build.0 = Debug|Any CPU
		{65D737C0-5E17-4B12-9232-B51EB50C577B}.Release|Any CPU.ActiveCfg = Release|Any CPU
		{65D737C0-5E17-4B12-9232-B51EB50C577B}.Release|Any CPU.Build.0 = Release|Any CPU
	EndGlobalSection
	GlobalSection(SolutionProperties) = preSolution
		HideSolutionNode = FALSE
	EndGlobalSection
	GlobalSection(ExtensibilityGlobals) = postSolution
		SolutionGuid = {C5E8A417-3D92-4F60-8B15-9A4E7C2D6F33}
	EndGlobalSection
EndGlobal
